
Microsoft Visual Studio Solution File, Format Version 12.00
Project("{2150E333-8FDC-42A3-9474-1A3956D46DE8}") = "basic", "basic", "{ECCF0709-B0B6-427B-8842-4531EE67802C}"
EndProject
Project("{FAE04EC0-301F-11D3-BF4B-00C04F79EFBC}") = "producer", "producer\producer.csproj", "{73865F35-9A32-4492-907D-CDE090F89126}"
EndProject
Project("{FAE04EC0-301F-11D3-BF4B-00C04F79EFBC}") = "consumer", "consumer\consumer.csproj", "{30BE70B5-6397-4DE8-86CF-F1199635EF82}"
EndProject
Project("{FAE04EC0-301F-11D3-BF4B-00C04F79EFBC}") = "Shared", "Shared\Shared.csproj", "{C63CB3BA-3DCA-4AC3-9760-7D24C620A484}"
EndProject
Project("{2150E333-8FDC-42A3-9474-1A3956D46DE8}") = "advanced", "advanced", "{52A6F3C7-39AC-4E01-9C9D-78FCE9E3B3DA}"
EndProject
Project("{FAE04EC0-301F-11D3-BF4B-00C04F79EFBC}") = "registration", "registration\registration.csproj", "{CA4329BE-787E-4A2E-8AC3-BC4F544E336B}"
EndProject
Project("{FAE04EC0-301F-11D3-BF4B-00C04F79EFBC}") = "welcomer", "welcomer\welcomer.csproj", "{39E246D3-039E-4B85-9612-307AF7B22583}"
EndProject
Project("{FAE04EC0-301F-11D3-BF4B-00C04F79EFBC}") = "payment", "payment\payment.csproj", "{9B6F7849-7C90-465B-83EE-4FCF762DE483}"
EndProject
Project("{FAE04EC0-301F-11D3-BF4B-00C04F79EFBC}") = "reporter", "reporter\reporter.csproj", "{73716711-F0E3-4475-B19A-CBBB0FAB261E}"
EndProject
Project("{FAE04EC0-301F-11D3-BF4B-00C04F79EFBC}") = "logger", "logger\logger.csproj", "{CC511179-8150-43B6-B673-AF8F971BA5F5}"
EndProject
Project("{FAE04EC0-301F-11D3-BF4B-00C04F79EFBC}") = "shared", "advanced\shared\shared.csproj", "{094DB3AC-5955-4270-ADEE-C3A2EA58FF5D}"
EndProject
Global
	GlobalSection(SolutionConfigurationPlatforms) = preSolution
		Debug|Any CPU = Debug|Any CPU
		Release|Any CPU = Release|Any CPU
	EndGlobalSection
	GlobalSection(NestedProjects) = preSolution
		{73865F35-9A32-4492-907D-CDE090F89126} = {ECCF0709-B0B6-427B-8842-4531EE67802C}
		{30BE70B5-6397-4DE8-86CF-F1199635EF82} = {ECCF0709-B0B6-427B-8842-4531EE67802C}
		{C63CB3BA-3DCA-4AC3-9760-7D24C620A484} = {ECCF0709-B0B6-427B-8842-4531EE67802C}
		{CA4329BE-787E-4A2E-8AC3-BC4F544E336B} = {52A6F3C7-39AC-4E01-9C9D-78FCE9E3B3DA}
		{39E246D3-039E-4B85-9612-307AF7B22583} = {52A6F3C7-39AC-4E01-9C9D-78FCE9E3B3DA}
		{9B6F7849-7C90-465B-83EE-4FCF762DE483} = {52A6F3C7-39AC-4E01-9C9D-78FCE9E3B3DA}
		{73716711-F0E3-4475-B19A-CBBB0FAB261E} = {52A6F3C7-39AC-4E01-9C9D-78FCE9E3B3DA}
		{CC511179-8150-43B6-B673-AF8F971BA5F5} = {52A6F3C7-39AC-4E01-9C9D-78FCE9E3B3DA}
		{094DB3AC-5955-4270-ADEE-C3A2EA58FF5D} = {52A6F3C7-39AC-4E01-9C9D-78FCE9E3B3DA}
	EndGlobalSection
	GlobalSection(ProjectConfigurationPlatforms) = postSolution
		{73865F35-9A32-4492-907D-CDE090F89126}.Debug|Any CPU.ActiveCfg = Debug|Any CPU
		{73865F35-9A32-4492-907D-CDE090F89126}.Debug|Any CPU.Build.0 = Debug|Any CPU
		{73865F35-9A32-4492-907D-CDE090F89126}.Release|Any CPU.ActiveCfg = Release|Any CPU
		{73865F35-9A32-4492-907D-CDE090F89126}.Release|Any CPU.Build.0 = Release|Any CPU
		{30BE70B5-6397-4DE8-86CF-F1199635EF82}.Debug|Any CPU.ActiveCfg = Debug|Any CPU
		{30BE70B5-6397-4DE8-86CF-F1199635EF82}.Debug|Any CPU.Build.0 = Debug|Any CPU
		{30BE70B5-6397-4DE8-86CF-F1199635EF82}.Release|Any CPU.ActiveCfg = Release|Any CPU
		{30BE70B5-6397-4DE8-86CF-F1199635EF82}.Release|Any CPU.Build.0 = Release|Any CPU
		{C63CB3BA-3DCA-4AC3-9760-7D24C620A484}.Debug|Any CPU.ActiveCfg = Debug|Any CPU
		{C63CB3BA-3DCA-4AC3-9760-7D24C620A484}.Debug|Any CPU.Build.0 = Debug|Any CPU
		{C63CB3BA-3DCA-4AC3-9760-7D24C620A484}.Release|Any CPU.ActiveCfg = Release|Any CPU
		{C63CB3BA-3DCA-4AC3-9760-7D24C620A484}.Release|Any CPU.Build.0 = Release|Any CPU
		{CA4329BE-787E-4A2E-8AC3-BC4F544E336B}.Debug|Any CPU.ActiveCfg = Debug|Any CPU
		{CA4329BE-787E-4A2E-8AC3-BC4F544E336B}.Debug|Any CPU.Build.0 = Debug|Any CPU
		{CA4329BE-787E-4A2E-8AC3-BC4F544E336B}.Release|Any CPU.ActiveCfg = Release|Any CPU
		{CA4329BE-787E-4A2E-8AC3-BC4F544E336B}.Release|Any CPU.Build.0 = Release|Any CPU
		{39E246D3-039E-4B85-9612-307AF7B22583}.Debug|Any CPU.ActiveCfg = Debug|Any CPU
		{39E246D3-039E-4B85-9612-307AF7B22583}.Debug|Any CPU.Build.0 = Debug|Any CPU
		{39E246D3-039E-4B85-9612-307AF7B22583}.Release|Any CPU.ActiveCfg = Release|Any CPU
		{39E246D3-039E-4B85-9612-307AF7B22583}.Release|Any CPU.Build.0 = Release|Any CPU
		{9B6F7849-7C90-465B-83EE-4FCF762DE483}.Debug|Any CPU.ActiveCfg = Debug|Any CPU
		{9B6F7849-7C90-465B-83EE-4FCF762DE483}.Debug|Any CPU.Build.0 = Debug|Any CPU
		{9B6F7849-7C90-465B-83EE-4FCF762DE483}.Release|Any CPU.ActiveCfg = Release|Any CPU
		{9B6F7849-7C90-465B-83EE-4FCF762DE483}.Release|Any CPU.Build.0 = Release|Any CPU
		{73716711-F0E3-4475-B19A-CBBB0FAB261E}.Debug|Any CPU.ActiveCfg = Debug|Any CPU
		{73716711-F0E3-4475-B19A-CBBB0FAB261E}.Debug|Any CPU.Build.0 = Debug|Any CPU
		{73716711-F0E3-4475-B19A-CBBB0FAB261E}.Release|Any CPU.ActiveCfg = Release|Any CPU
		{73716711-F0E3-4475-B19A-CBBB0FAB261E}.Release|Any CPU.Build.0 = Release|Any CPU
		{CC511179-8150-43B6-B673-AF8F971BA5F5}.Debug|Any CPU.ActiveCfg = Debug|Any CPU
		{CC511179-8150-43B6-B673-AF8F971BA5F5}.Debug|Any CPU.Build.0 = Debug|Any CPU
		{CC511179-8150-43B6-B673-AF8F971BA5F5}.Release|Any CPU.ActiveCfg = Release|Any CPU
		{CC511179-8150-43B6-B673-AF8F971BA5F5}.Release|Any CPU.Build.0 = Release|Any CPU
		{094DB3AC-5955-4270-ADEE-C3A2EA58FF5D}.Debug|Any CPU.ActiveCfg = Debug|Any CPU
		{094DB3AC-5955-4270-ADEE-C3A2EA58FF5D}.Debug|Any CPU.Build.0 = Debug|Any CPU
		{094DB3AC-5955-4270-ADEE-C3A2EA58FF5D}.Release|Any CPU.ActiveCfg = Release|Any CPU
		{094DB3AC-5955-4270-ADEE-C3A2EA58FF5D}.Release|Any CPU.Build.0 = Release|Any CPU
	EndGlobalSection
EndGlobal
