
Microsoft Visual Studio Solution File, Format Version 12.00
Project("{2150E333-8FDC-42A3-9474-1A3956D46DE8}") = "Basic", "Basic", "{2A0A62F4-3F0B-44B2-8D15-B6EC450E9FFA}"
EndProject
Project("{2150E333-8FDC-42A3-9474-1A3956D46DE8}") = "Advanced", "Advanced", "{73975CB0-29F6-48DE-91F9-471E6C0471BC}"
EndProject
Project("{FAE04EC0-301F-11D3-BF4B-00C04F79EFBC}") = "Producer", "Basic\Producer\Producer.csproj", "{D46017BC-E783-4756-B06B-B594DBEE756C}"
EndProject
Project("{FAE04EC0-301F-11D3-BF4B-00C04F79EFBC}") = "Consumer", "Basic\Consumer\Consumer.csproj", "{10C0B742-0D59-4848-BC87-5D513CD15447}"
EndProject
Project("{FAE04EC0-301F-11D3-BF4B-00C04F79EFBC}") = "Shared", "Basic\Shared\Shared.csproj", "{D992B2C2-C3C5-4DBA-AF4A-835FFE539A59}"
EndProject
Project("{FAE04EC0-301F-11D3-BF4B-00C04F79EFBC}") = "Registration", "advanced\Registration\Registration.csproj", "{EEE6B1B0-A159-495B-9DF4-FAB33E5F093C}"
EndProject
Project("{FAE04EC0-301F-11D3-BF4B-00C04F79EFBC}") = "PaymentProcessor", "advanced\PaymentProcessor\PaymentProcessor.csproj", "{0350C57D-E7C8-4215-B11B-EE8844D64B1E}"
EndProject
Project("{FAE04EC0-301F-11D3-BF4B-00C04F79EFBC}") = "Welcomer", "advanced\Welcomer\Welcomer.csproj", "{FA7F3F84-8BAB-4174-B79F-8859792EFEEE}"
EndProject
Project("{FAE04EC0-301F-11D3-BF4B-00C04F79EFBC}") = "Reporter", "advanced\Reporter\Reporter.csproj", "{58DE6B33-59D4-4D54-AAC8-A484DC8A25F1}"
EndProject
Project("{FAE04EC0-301F-11D3-BF4B-00C04F79EFBC}") = "Logger", "advanced\Logger\Logger.csproj", "{092F9BD3-C4C2-4064-AF58-B227300C834E}"
EndProject
Project("{FAE04EC0-301F-11D3-BF4B-00C04F79EFBC}") = "Shared", "advanced\Shared\Shared.csproj", "{94479F64-7F32-4EFD-BB6D-5E808B1BDCC7}"
EndProject
Global
	GlobalSection(SolutionConfigurationPlatforms) = preSolution
		Debug|Any CPU = Debug|Any CPU
		Release|Any CPU = Release|Any CPU
	EndGlobalSection
	GlobalSection(NestedProjects) = preSolution
		{D46017BC-E783-4756-B06B-B594DBEE756C} = {2A0A62F4-3F0B-44B2-8D15-B6EC450E9FFA}
		{10C0B742-0D59-4848-BC87-5D513CD15447} = {2A0A62F4-3F0B-44B2-8D15-B6EC450E9FFA}
		{D992B2C2-C3C5-4DBA-AF4A-835FFE539A59} = {2A0A62F4-3F0B-44B2-8D15-B6EC450E9FFA}
		{EEE6B1B0-A159-495B-9DF4-FAB33E5F093C} = {73975CB0-29F6-48DE-91F9-471E6C0471BC}
		{0350C57D-E7C8-4215-B11B-EE8844D64B1E} = {73975CB0-29F6-48DE-91F9-471E6C0471BC}
		{FA7F3F84-8BAB-4174-B79F-8859792EFEEE} = {73975CB0-29F6-48DE-91F9-471E6C0471BC}
		{58DE6B33-59D4-4D54-AAC8-A484DC8A25F1} = {73975CB0-29F6-48DE-91F9-471E6C0471BC}
		{092F9BD3-C4C2-4064-AF58-B227300C834E} = {73975CB0-29F6-48DE-91F9-471E6C0471BC}
		{94479F64-7F32-4EFD-BB6D-5E808B1BDCC7} = {73975CB0-29F6-48DE-91F9-471E6C0471BC}
	EndGlobalSection
	GlobalSection(ProjectConfigurationPlatforms) = postSolution
		{D46017BC-E783-4756-B06B-B594DBEE756C}.Debug|Any CPU.ActiveCfg = Debug|Any CPU
		{D46017BC-E783-4756-B06B-B594DBEE756C}.Debug|Any CPU.Build.0 = Debug|Any CPU
		{D46017BC-E783-4756-B06B-B594DBEE756C}.Release|Any CPU.ActiveCfg = Release|Any CPU
		{D46017BC-E783-4756-B06B-B594DBEE756C}.Release|Any CPU.Build.0 = Release|Any CPU
		{10C0B742-0D59-4848-BC87-5D513CD15447}.Debug|Any CPU.ActiveCfg = Debug|Any CPU
		{10C0B742-0D59-4848-BC87-5D513CD15447}.Debug|Any CPU.Build.0 = Debug|Any CPU
		{10C0B742-0D59-4848-BC87-5D513CD15447}.Release|Any CPU.ActiveCfg = Release|Any CPU
		{10C0B742-0D59-4848-BC87-5D513CD15447}.Release|Any CPU.Build.0 = Release|Any CPU
		{D992B2C2-C3C5-4DBA-AF4A-835FFE539A59}.Debug|Any CPU.ActiveCfg = Debug|Any CPU
		{D992B2C2-C3C5-4DBA-AF4A-835FFE539A59}.Debug|Any CPU.Build.0 = Debug|Any CPU
		{D992B2C2-C3C5-4DBA-AF4A-835FFE539A59}.Release|Any CPU.ActiveCfg = Release|Any CPU
		{D992B2C2-C3C5-4DBA-AF4A-835FFE539A59}.Release|Any CPU.Build.0 = Release|Any CPU
		{EEE6B1B0-A159-495B-9DF4-FAB33E5F093C}.Debug|Any CPU.ActiveCfg = Debug|Any CPU
		{EEE6B1B0-A159-495B-9DF4-FAB33E5F093C}.Debug|Any CPU.Build.0 = Debug|Any CPU
		{EEE6B1B0-A159-495B-9DF4-FAB33E5F093C}.Release|Any CPU.ActiveCfg = Release|Any CPU
		{EEE6B1B0-A159-495B-9DF4-FAB33E5F093C}.Release|Any CPU.Build.0 = Release|Any CPU
		{0350C57D-E7C8-4215-B11B-EE8844D64B1E}.Debug|Any CPU.ActiveCfg = Debug|Any CPU
		{0350C57D-E7C8-4215-B11B-EE8844D64B1E}.Debug|Any CPU.Build.0 = Debug|Any CPU
		{0350C57D-E7C8-4215-B11B-EE8844D64B1E}.Release|Any CPU.ActiveCfg = Release|Any CPU
		{0350C57D-E7C8-4215-B11B-EE8844D64B1E}.Release|Any CPU.Build.0 = Release|Any CPU
		{FA7F3F84-8BAB-4174-B79F-8859792EFEEE}.Debug|Any CPU.ActiveCfg = Debug|Any CPU
		{FA7F3F84-8BAB-4174-B79F-8859792EFEEE}.Debug|Any CPU.Build.0 = Debug|Any CPU
		{FA7F3F84-8BAB-4174-B79F-8859792EFEEE}.Release|Any CPU.ActiveCfg = Release|Any CPU
		{FA7F3F84-8BAB-4174-B79F-8859792EFEEE}.Release|Any CPU.Build.0 = Release|Any CPU
		{58DE6B33-59D4-4D54-AAC8-A484DC8A25F1}.Debug|Any CPU.ActiveCfg = Debug|Any CPU
		{58DE6B33-59D4-4D54-AAC8-A484DC8A25F1}.Debug|Any CPU.Build.0 = Debug|Any CPU
		{58DE6B33-59D4-4D54-AAC8-A484DC8A25F1}.Release|Any CPU.ActiveCfg = Release|Any CPU
		{58DE6B33-59D4-4D54-AAC8-A484DC8A25F1}.Release|Any CPU.Build.0 = Release|Any CPU
		{092F9BD3-C4C2-4064-AF58-B227300C834E}.Debug|Any CPU.ActiveCfg = Debug|Any CPU
		{092F9BD3-C4C2-4064-AF58-B227300C834E}.Debug|Any CPU.Build.0 = Debug|Any CPU
		{092F9BD3-C4C2-4064-AF58-B227300C834E}.Release|Any CPU.ActiveCfg = Release|Any CPU
		{092F9BD3-C4C2-4064-AF58-B227300C834E}.Release|Any CPU.Build.0 = Release|Any CPU
		{94479F64-7F32-4EFD-BB6D-5E808B1BDCC7}.Debug|Any CPU.ActiveCfg = Debug|Any CPU
		{94479F64-7F32-4EFD-BB6D-5E808B1BDCC7}.Debug|Any CPU.Build.0 = Debug|Any CPU
		{94479F64-7F32-4EFD-BB6D-5E808B1BDCC7}.Release|Any CPU.ActiveCfg = Release|Any CPU
		{94479F64-7F32-4EFD-BB6D-5E808B1BDCC7}.Release|Any CPU.Build.0 = Release|Any CPU
	EndGlobalSection
EndGlobal
